
Microsoft Visual Studio Solution File, Format Version 12.00
Project("{FAE04EC0-301F-11D3-BF4B-00C04F79EFBC}") = "SignalRChat", "SignalRChat\SignalRChat.csproj", "{F1AE29EB-771F-4CA9-86FC-E93E3F040AE7}"
EndProject
Global
	GlobalSection(SolutionConfigurationPlatforms) = preSolution
		Debug|Any CPU = Debug|Any CPU
		Release|Any CPU = Release|Any CPU
	EndGlobalSection
	GlobalSection(ProjectConfigurationPlatforms) = postSolution
		{F1AE29EB-771F-4CA9-86FC-E93E3F040AE7}.Debug|Any CPU.ActiveCfg = Debug|Any CPU
		{F1AE29EB-771F-4CA9-86FC-E93E3F040AE7}.Debug|Any CPU.Build.0 = Debug|Any CPU
		{F1AE29EB-771F-4CA9-86FC-E93E3F040AE7}.Release|Any CPU.ActiveCfg = Release|Any CPU
		{F1AE29EB-771F-4CA9-86FC-E93E3F040AE7}.Release|Any CPU.Build.0 = Release|Any CPU
	EndGlobalSection
EndGlobal
